
Microsoft Visual Studio Solution File, Format Version 12.00
# Visual Studio Version 16
VisualStudioVersion = 16.0.32002.261
MinimumVisualStudioVersion = 10.0.40219.1
Project("{8BC9CEB8-8B4A-11D0-8D11-00A0C91BC942}") = "LetGetFit", "LetGetFit.vcxproj", "{4518EA29-D0FD-43A9-8695-0C0C1193F55B}"
EndProject
Global
	GlobalSection(SolutionConfigurationPlatforms) = preSolution
		Debug|x64 = Debug|x64
		Debug|x86 = Debug|x86
		Release|x64 = Release|x64
		Release|x86 = Release|x86
	EndGlobalSection
	GlobalSection(ProjectConfigurationPlatforms) = postSolution
		{4518EA29-D0FD-43A9-8695-0C0C1193F55B}.Debug|x64.ActiveCfg = Debug|x64
		{4518EA29-D0FD-43A9-8695-0C0C1193F55B}.Debug|x64.Build.0 = Debug|x64
		{4518EA29-D0FD-43A9-8695-0C0C1193F55B}.Debug|x86.ActiveCfg = Debug|Win32
		{4518EA29-D0FD-43A9-8695-0C0C1193F55B}.Debug|x86.Build.0 = Debug|Win32
		{4518EA29-D0FD-43A9-8695-0C0C1193F55B}.Release|x64.ActiveCfg = Release|x64
		{4518EA29-D0FD-43A9-8695-0C0C1193F55B}.Release|x64.Build.0 = Release|x64
		{4518EA29-D0FD-43A9-8695-0C0C1193F55B}.Release|x86.ActiveCfg = Release|Win32
		{4518EA29-D0FD-43A9-8695-0C0C1193F55B}.Release|x86.Build.0 = Release|Win32
	EndGlobalSection
	GlobalSection(SolutionProperties) = preSolution
		HideSolutionNode = FALSE
	EndGlobalSection
	GlobalSection(ExtensibilityGlobals) = postSolution
		SolutionGuid = {EE53B844-4145-46B9-9094-E671697CBD12}
	EndGlobalSection
EndGlobal
